// !$*UTF8*$!
{
	archiveVersion = 1;
	classes = {
	};
	objectVersion = 56;
	objects = {

/* Begin PBXBuildFile section */
		AC8116F92A731DDE00368F1E /* ModelForNewsRemote.swift in Sources */ = {isa = PBXBuildFile; fileRef = AC8116F82A731DDE00368F1E /* ModelForNewsRemote.swift */; };
		AC8116FB2A731FE900368F1E /* APIService.swift in Sources */ = {isa = PBXBuildFile; fileRef = AC8116FA2A731FE900368F1E /* APIService.swift */; };
		AC8116FD2A73254900368F1E /* ModelForNews.swift in Sources */ = {isa = PBXBuildFile; fileRef = AC8116FC2A73254900368F1E /* ModelForNews.swift */; };
		AC8116FF2A73C00000368F1E /* NewsRepository.swift in Sources */ = {isa = PBXBuildFile; fileRef = AC8116FE2A73C00000368F1E /* NewsRepository.swift */; };
		AC8117012A73C06A00368F1E /* NewsRepositoryProtocol.swift in Sources */ = {isa = PBXBuildFile; fileRef = AC8117002A73C06A00368F1E /* NewsRepositoryProtocol.swift */; };
		AC8117032A73C84500368F1E /* NewsUseCase.swift in Sources */ = {isa = PBXBuildFile; fileRef = AC8117022A73C84500368F1E /* NewsUseCase.swift */; };
		ACE711482A7303B200D84C5B /* TestProjectWithNewsApp.swift in Sources */ = {isa = PBXBuildFile; fileRef = ACE711472A7303B200D84C5B /* TestProjectWithNewsApp.swift */; };
		ACE7114A2A7303B200D84C5B /* ContentView.swift in Sources */ = {isa = PBXBuildFile; fileRef = ACE711492A7303B200D84C5B /* ContentView.swift */; };
		ACE7114C2A7303B300D84C5B /* Assets.xcassets in Resources */ = {isa = PBXBuildFile; fileRef = ACE7114B2A7303B300D84C5B /* Assets.xcassets */; };
		ACE7114F2A7303B300D84C5B /* Preview Assets.xcassets in Resources */ = {isa = PBXBuildFile; fileRef = ACE7114E2A7303B300D84C5B /* Preview Assets.xcassets */; };
/* End PBXBuildFile section */

/* Begin PBXFileReference section */
		AC8116F82A731DDE00368F1E /* ModelForNewsRemote.swift */ = {isa = PBXFileReference; lastKnownFileType = sourcecode.swift; path = ModelForNewsRemote.swift; sourceTree = "<group>"; };
		AC8116FA2A731FE900368F1E /* APIService.swift */ = {isa = PBXFileReference; lastKnownFileType = sourcecode.swift; path = APIService.swift; sourceTree = "<group>"; };
		AC8116FC2A73254900368F1E /* ModelForNews.swift */ = {isa = PBXFileReference; lastKnownFileType = sourcecode.swift; path = ModelForNews.swift; sourceTree = "<group>"; };
		AC8116FE2A73C00000368F1E /* NewsRepository.swift */ = {isa = PBXFileReference; lastKnownFileType = sourcecode.swift; path = NewsRepository.swift; sourceTree = "<group>"; };
		AC8117002A73C06A00368F1E /* NewsRepositoryProtocol.swift */ = {isa = PBXFileReference; lastKnownFileType = sourcecode.swift; path = NewsRepositoryProtocol.swift; sourceTree = "<group>"; };
		AC8117022A73C84500368F1E /* NewsUseCase.swift */ = {isa = PBXFileReference; lastKnownFileType = sourcecode.swift; path = NewsUseCase.swift; sourceTree = "<group>"; };
		ACE711442A7303B200D84C5B /* TestProjectWithNews.app */ = {isa = PBXFileReference; explicitFileType = wrapper.application; includeInIndex = 0; path = TestProjectWithNews.app; sourceTree = BUILT_PRODUCTS_DIR; };
		ACE711472A7303B200D84C5B /* TestProjectWithNewsApp.swift */ = {isa = PBXFileReference; lastKnownFileType = sourcecode.swift; path = TestProjectWithNewsApp.swift; sourceTree = "<group>"; };
		ACE711492A7303B200D84C5B /* ContentView.swift */ = {isa = PBXFileReference; lastKnownFileType = sourcecode.swift; path = ContentView.swift; sourceTree = "<group>"; };
		ACE7114B2A7303B300D84C5B /* Assets.xcassets */ = {isa = PBXFileReference; lastKnownFileType = folder.assetcatalog; path = Assets.xcassets; sourceTree = "<group>"; };
		ACE7114E2A7303B300D84C5B /* Preview Assets.xcassets */ = {isa = PBXFileReference; lastKnownFileType = folder.assetcatalog; path = "Preview Assets.xcassets"; sourceTree = "<group>"; };
/* End PBXFileReference section */

/* Begin PBXFrameworksBuildPhase section */
		ACE711412A7303B200D84C5B /* Frameworks */ = {
			isa = PBXFrameworksBuildPhase;
			buildActionMask = 2147483647;
			files = (
			);
			runOnlyForDeploymentPostprocessing = 0;
		};
/* End PBXFrameworksBuildPhase section */

/* Begin PBXGroup section */
		AC8116EB2A731C2800368F1E /* Application */ = {
			isa = PBXGroup;
			children = (
				ACE711472A7303B200D84C5B /* TestProjectWithNewsApp.swift */,
			);
			path = Application;
			sourceTree = "<group>";
		};
		AC8116EC2A731C4E00368F1E /* Resources */ = {
			isa = PBXGroup;
			children = (
				ACE7114B2A7303B300D84C5B /* Assets.xcassets */,
			);
			path = Resources;
			sourceTree = "<group>";
		};
		AC8116ED2A731C6800368F1E /* Presentation */ = {
			isa = PBXGroup;
			children = (
				AC8116EE2A731C8100368F1E /* Common */,
				AC8116EF2A731C9200368F1E /* Stories */,
			);
			path = Presentation;
			sourceTree = "<group>";
		};
		AC8116EE2A731C8100368F1E /* Common */ = {
			isa = PBXGroup;
			children = (
			);
			path = Common;
			sourceTree = "<group>";
		};
		AC8116EF2A731C9200368F1E /* Stories */ = {
			isa = PBXGroup;
			children = (
				ACE711492A7303B200D84C5B /* ContentView.swift */,
			);
			path = Stories;
			sourceTree = "<group>";
		};
		AC8116F02A731CB600368F1E /* Data */ = {
			isa = PBXGroup;
			children = (
				AC8116F12A731CE900368F1E /* Repositories */,
				AC8116F22A731CF600368F1E /* Model */,
				AC8116F32A731D0F00368F1E /* Services */,
			);
			path = Data;
			sourceTree = "<group>";
		};
		AC8116F12A731CE900368F1E /* Repositories */ = {
			isa = PBXGroup;
			children = (
				AC8116FE2A73C00000368F1E /* NewsRepository.swift */,
			);
			path = Repositories;
			sourceTree = "<group>";
		};
		AC8116F22A731CF600368F1E /* Model */ = {
			isa = PBXGroup;
			children = (
				AC8116F82A731DDE00368F1E /* ModelForNewsRemote.swift */,
			);
			path = Model;
			sourceTree = "<group>";
		};
		AC8116F32A731D0F00368F1E /* Services */ = {
			isa = PBXGroup;
			children = (
				AC8116FA2A731FE900368F1E /* APIService.swift */,
			);
			path = Services;
			sourceTree = "<group>";
		};
		AC8116F42A731D2700368F1E /* Domain */ = {
			isa = PBXGroup;
			children = (
				AC8116F52A731D3300368F1E /* UseCase */,
				AC8116F62A731D4400368F1E /* Repositories */,
				AC8116F72A731D5300368F1E /* Model */,
			);
			path = Domain;
			sourceTree = "<group>";
		};
		AC8116F52A731D3300368F1E /* UseCase */ = {
			isa = PBXGroup;
			children = (
				AC8117022A73C84500368F1E /* NewsUseCase.swift */,
			);
			path = UseCase;
			sourceTree = "<group>";
		};
		AC8116F62A731D4400368F1E /* Repositories */ = {
			isa = PBXGroup;
			children = (
				AC8117002A73C06A00368F1E /* NewsRepositoryProtocol.swift */,
			);
			path = Repositories;
			sourceTree = "<group>";
		};
		AC8116F72A731D5300368F1E /* Model */ = {
			isa = PBXGroup;
			children = (
				AC8116FC2A73254900368F1E /* ModelForNews.swift */,
			);
			path = Model;
			sourceTree = "<group>";
		};
		ACE7113B2A7303B100D84C5B = {
			isa = PBXGroup;
			children = (
				ACE711462A7303B200D84C5B /* TestProjectWithNews */,
				ACE711452A7303B200D84C5B /* Products */,
			);
			sourceTree = "<group>";
		};
		ACE711452A7303B200D84C5B /* Products */ = {
			isa = PBXGroup;
			children = (
				ACE711442A7303B200D84C5B /* TestProjectWithNews.app */,
			);
			name = Products;
			sourceTree = "<group>";
		};
		ACE711462A7303B200D84C5B /* TestProjectWithNews */ = {
			isa = PBXGroup;
			children = (
				AC8116EB2A731C2800368F1E /* Application */,
				AC8116F02A731CB600368F1E /* Data */,
				AC8116F42A731D2700368F1E /* Domain */,
				AC8116ED2A731C6800368F1E /* Presentation */,
				AC8116EC2A731C4E00368F1E /* Resources */,
				ACE7114D2A7303B300D84C5B /* Preview Content */,
			);
			path = TestProjectWithNews;
			sourceTree = "<group>";
		};
		ACE7114D2A7303B300D84C5B /* Preview Content */ = {
			isa = PBXGroup;
			children = (
				ACE7114E2A7303B300D84C5B /* Preview Assets.xcassets */,
			);
			path = "Preview Content";
			sourceTree = "<group>";
		};
/* End PBXGroup section */

/* Begin PBXNativeTarget section */
		ACE711432A7303B200D84C5B /* TestProjectWithNews */ = {
			isa = PBXNativeTarget;
			buildConfigurationList = ACE711522A7303B300D84C5B /* Build configuration list for PBXNativeTarget "TestProjectWithNews" */;
			buildPhases = (
				ACE711402A7303B200D84C5B /* Sources */,
				ACE711412A7303B200D84C5B /* Frameworks */,
				ACE711422A7303B200D84C5B /* Resources */,
			);
			buildRules = (
			);
			dependencies = (
			);
			name = TestProjectWithNews;
			productName = TestProjectWithNews;
			productReference = ACE711442A7303B200D84C5B /* TestProjectWithNews.app */;
			productType = "com.apple.product-type.application";
		};
/* End PBXNativeTarget section */

/* Begin PBXProject section */
		ACE7113C2A7303B100D84C5B /* Project object */ = {
			isa = PBXProject;
			attributes = {
				BuildIndependentTargetsInParallel = 1;
				LastSwiftUpdateCheck = 1430;
				LastUpgradeCheck = 1430;
				TargetAttributes = {
					ACE711432A7303B200D84C5B = {
						CreatedOnToolsVersion = 14.3.1;
					};
				};
			};
			buildConfigurationList = ACE7113F2A7303B100D84C5B /* Build configuration list for PBXProject "TestProjectWithNews" */;
			compatibilityVersion = "Xcode 14.0";
			developmentRegion = en;
			hasScannedForEncodings = 0;
			knownRegions = (
				en,
				Base,
			);
			mainGroup = ACE7113B2A7303B100D84C5B;
			productRefGroup = ACE711452A7303B200D84C5B /* Products */;
			projectDirPath = "";
			projectRoot = "";
			targets = (
				ACE711432A7303B200D84C5B /* TestProjectWithNews */,
			);
		};
/* End PBXProject section */

/* Begin PBXResourcesBuildPhase section */
		ACE711422A7303B200D84C5B /* Resources */ = {
			isa = PBXResourcesBuildPhase;
			buildActionMask = 2147483647;
			files = (
				ACE7114F2A7303B300D84C5B /* Preview Assets.xcassets in Resources */,
				ACE7114C2A7303B300D84C5B /* Assets.xcassets in Resources */,
			);
			runOnlyForDeploymentPostprocessing = 0;
		};
/* End PBXResourcesBuildPhase section */

/* Begin PBXSourcesBuildPhase section */
		ACE711402A7303B200D84C5B /* Sources */ = {
			isa = PBXSourcesBuildPhase;
			buildActionMask = 2147483647;
			files = (
				AC8116FD2A73254900368F1E /* ModelForNews.swift in Sources */,
				ACE7114A2A7303B200D84C5B /* ContentView.swift in Sources */,
				AC8117032A73C84500368F1E /* NewsUseCase.swift in Sources */,
				AC8116FF2A73C00000368F1E /* NewsRepository.swift in Sources */,
				AC8117012A73C06A00368F1E /* NewsRepositoryProtocol.swift in Sources */,
				AC8116F92A731DDE00368F1E /* ModelForNewsRemote.swift in Sources */,
				AC8116FB2A731FE900368F1E /* APIService.swift in Sources */,
				ACE711482A7303B200D84C5B /* TestProjectWithNewsApp.swift in Sources */,
			);
			runOnlyForDeploymentPostprocessing = 0;
		};
/* End PBXSourcesBuildPhase section */

/* Begin XCBuildConfiguration section */
		ACE711502A7303B300D84C5B /* Debug */ = {
			isa = XCBuildConfiguration;
			buildSettings = {
				ALWAYS_SEARCH_USER_PATHS = NO;
				CLANG_ANALYZER_NONNULL = YES;
				CLANG_ANALYZER_NUMBER_OBJECT_CONVERSION = YES_AGGRESSIVE;
				CLANG_CXX_LANGUAGE_STANDARD = "gnu++20";
				CLANG_ENABLE_MODULES = YES;
				CLANG_ENABLE_OBJC_ARC = YES;
				CLANG_ENABLE_OBJC_WEAK = YES;
				CLANG_WARN_BLOCK_CAPTURE_AUTORELEASING = YES;
				CLANG_WARN_BOOL_CONVERSION = YES;
				CLANG_WARN_COMMA = YES;
				CLANG_WARN_CONSTANT_CONVERSION = YES;
				CLANG_WARN_DEPRECATED_OBJC_IMPLEMENTATIONS = YES;
				CLANG_WARN_DIRECT_OBJC_ISA_USAGE = YES_ERROR;
				CLANG_WARN_DOCUMENTATION_COMMENTS = YES;
				CLANG_WARN_EMPTY_BODY = YES;
				CLANG_WARN_ENUM_CONVERSION = YES;
				CLANG_WARN_INFINITE_RECURSION = YES;
				CLANG_WARN_INT_CONVERSION = YES;
				CLANG_WARN_NON_LITERAL_NULL_CONVERSION = YES;
				CLANG_WARN_OBJC_IMPLICIT_RETAIN_SELF = YES;
				CLANG_WARN_OBJC_LITERAL_CONVERSION = YES;
				CLANG_WARN_OBJC_ROOT_CLASS = YES_ERROR;
				CLANG_WARN_QUOTED_INCLUDE_IN_FRAMEWORK_HEADER = YES;
				CLANG_WARN_RANGE_LOOP_ANALYSIS = YES;
				CLANG_WARN_STRICT_PROTOTYPES = YES;
				CLANG_WARN_SUSPICIOUS_MOVE = YES;
				CLANG_WARN_UNGUARDED_AVAILABILITY = YES_AGGRESSIVE;
				CLANG_WARN_UNREACHABLE_CODE = YES;
				CLANG_WARN__DUPLICATE_METHOD_MATCH = YES;
				COPY_PHASE_STRIP = NO;
				DEBUG_INFORMATION_FORMAT = dwarf;
				ENABLE_STRICT_OBJC_MSGSEND = YES;
				ENABLE_TESTABILITY = YES;
				GCC_C_LANGUAGE_STANDARD = gnu11;
				GCC_DYNAMIC_NO_PIC = NO;
				GCC_NO_COMMON_BLOCKS = YES;
				GCC_OPTIMIZATION_LEVEL = 0;
				GCC_PREPROCESSOR_DEFINITIONS = (
					"DEBUG=1",
					"$(inherited)",
				);
				GCC_WARN_64_TO_32_BIT_CONVERSION = YES;
				GCC_WARN_ABOUT_RETURN_TYPE = YES_ERROR;
				GCC_WARN_UNDECLARED_SELECTOR = YES;
				GCC_WARN_UNINITIALIZED_AUTOS = YES_AGGRESSIVE;
				GCC_WARN_UNUSED_FUNCTION = YES;
				GCC_WARN_UNUSED_VARIABLE = YES;
				IPHONEOS_DEPLOYMENT_TARGET = 16.4;
				MTL_ENABLE_DEBUG_INFO = INCLUDE_SOURCE;
				MTL_FAST_MATH = YES;
				ONLY_ACTIVE_ARCH = YES;
				SDKROOT = iphoneos;
				SWIFT_ACTIVE_COMPILATION_CONDITIONS = DEBUG;
				SWIFT_OPTIMIZATION_LEVEL = "-Onone";
			};
			name = Debug;
		};
		ACE711512A7303B300D84C5B /* Release */ = {
			isa = XCBuildConfiguration;
			buildSettings = {
				ALWAYS_SEARCH_USER_PATHS = NO;
				CLANG_ANALYZER_NONNULL = YES;
				CLANG_ANALYZER_NUMBER_OBJECT_CONVERSION = YES_AGGRESSIVE;
				CLANG_CXX_LANGUAGE_STANDARD = "gnu++20";
				CLANG_ENABLE_MODULES = YES;
				CLANG_ENABLE_OBJC_ARC = YES;
				CLANG_ENABLE_OBJC_WEAK = YES;
				CLANG_WARN_BLOCK_CAPTURE_AUTORELEASING = YES;
				CLANG_WARN_BOOL_CONVERSION = YES;
				CLANG_WARN_COMMA = YES;
				CLANG_WARN_CONSTANT_CONVERSION = YES;
				CLANG_WARN_DEPRECATED_OBJC_IMPLEMENTATIONS = YES;
				CLANG_WARN_DIRECT_OBJC_ISA_USAGE = YES_ERROR;
				CLANG_WARN_DOCUMENTATION_COMMENTS = YES;
				CLANG_WARN_EMPTY_BODY = YES;
				CLANG_WARN_ENUM_CONVERSION = YES;
				CLANG_WARN_INFINITE_RECURSION = YES;
				CLANG_WARN_INT_CONVERSION = YES;
				CLANG_WARN_NON_LITERAL_NULL_CONVERSION = YES;
				CLANG_WARN_OBJC_IMPLICIT_RETAIN_SELF = YES;
				CLANG_WARN_OBJC_LITERAL_CONVERSION = YES;
				CLANG_WARN_OBJC_ROOT_CLASS = YES_ERROR;
				CLANG_WARN_QUOTED_INCLUDE_IN_FRAMEWORK_HEADER = YES;
				CLANG_WARN_RANGE_LOOP_ANALYSIS = YES;
				CLANG_WARN_STRICT_PROTOTYPES = YES;
				CLANG_WARN_SUSPICIOUS_MOVE = YES;
				CLANG_WARN_UNGUARDED_AVAILABILITY = YES_AGGRESSIVE;
				CLANG_WARN_UNREACHABLE_CODE = YES;
				CLANG_WARN__DUPLICATE_METHOD_MATCH = YES;
				COPY_PHASE_STRIP = NO;
				DEBUG_INFORMATION_FORMAT = "dwarf-with-dsym";
				ENABLE_NS_ASSERTIONS = NO;
				ENABLE_STRICT_OBJC_MSGSEND = YES;
				GCC_C_LANGUAGE_STANDARD = gnu11;
				GCC_NO_COMMON_BLOCKS = YES;
				GCC_WARN_64_TO_32_BIT_CONVERSION = YES;
				GCC_WARN_ABOUT_RETURN_TYPE = YES_ERROR;
				GCC_WARN_UNDECLARED_SELECTOR = YES;
				GCC_WARN_UNINITIALIZED_AUTOS = YES_AGGRESSIVE;
				GCC_WARN_UNUSED_FUNCTION = YES;
				GCC_WARN_UNUSED_VARIABLE = YES;
				IPHONEOS_DEPLOYMENT_TARGET = 16.4;
				MTL_ENABLE_DEBUG_INFO = NO;
				MTL_FAST_MATH = YES;
				SDKROOT = iphoneos;
				SWIFT_COMPILATION_MODE = wholemodule;
				SWIFT_OPTIMIZATION_LEVEL = "-O";
				VALIDATE_PRODUCT = YES;
			};
			name = Release;
		};
		ACE711532A7303B300D84C5B /* Debug */ = {
			isa = XCBuildConfiguration;
			buildSettings = {
				ASSETCATALOG_COMPILER_APPICON_NAME = AppIcon;
				ASSETCATALOG_COMPILER_GLOBAL_ACCENT_COLOR_NAME = AccentColor;
				CODE_SIGN_STYLE = Automatic;
				CURRENT_PROJECT_VERSION = 1;
				DEVELOPMENT_ASSET_PATHS = "\"TestProjectWithNews/Preview Content\"";
				ENABLE_PREVIEWS = YES;
				GENERATE_INFOPLIST_FILE = YES;
				INFOPLIST_KEY_UIApplicationSceneManifest_Generation = YES;
				INFOPLIST_KEY_UIApplicationSupportsIndirectInputEvents = YES;
				INFOPLIST_KEY_UILaunchScreen_Generation = YES;
				INFOPLIST_KEY_UISupportedInterfaceOrientations_iPad = "UIInterfaceOrientationPortrait UIInterfaceOrientationPortraitUpsideDown UIInterfaceOrientationLandscapeLeft UIInterfaceOrientationLandscapeRight";
				INFOPLIST_KEY_UISupportedInterfaceOrientations_iPhone = "UIInterfaceOrientationPortrait UIInterfaceOrientationLandscapeLeft UIInterfaceOrientationLandscapeRight";
				LD_RUNPATH_SEARCH_PATHS = (
					"$(inherited)",
					"@executable_path/Frameworks",
				);
				MARKETING_VERSION = 1.0;
				PRODUCT_BUNDLE_IDENTIFIER = "-.TestProjectWithNews";
				PRODUCT_NAME = "$(TARGET_NAME)";
				SWIFT_EMIT_LOC_STRINGS = YES;
				SWIFT_VERSION = 5.0;
				TARGETED_DEVICE_FAMILY = "1,2";
			};
			name = Debug;
		};
		ACE711542A7303B300D84C5B /* Release */ = {
			isa = XCBuildConfiguration;
			buildSettings = {
				ASSETCATALOG_COMPILER_APPICON_NAME = AppIcon;
				ASSETCATALOG_COMPILER_GLOBAL_ACCENT_COLOR_NAME = AccentColor;
				CODE_SIGN_STYLE = Automatic;
				CURRENT_PROJECT_VERSION = 1;
				DEVELOPMENT_ASSET_PATHS = "\"TestProjectWithNews/Preview Content\"";
				ENABLE_PREVIEWS = YES;
				GENERATE_INFOPLIST_FILE = YES;
				INFOPLIST_KEY_UIApplicationSceneManifest_Generation = YES;
				INFOPLIST_KEY_UIApplicationSupportsIndirectInputEvents = YES;
				INFOPLIST_KEY_UILaunchScreen_Generation = YES;
				INFOPLIST_KEY_UISupportedInterfaceOrientations_iPad = "UIInterfaceOrientationPortrait UIInterfaceOrientationPortraitUpsideDown UIInterfaceOrientationLandscapeLeft UIInterfaceOrientationLandscapeRight";
				INFOPLIST_KEY_UISupportedInterfaceOrientations_iPhone = "UIInterfaceOrientationPortrait UIInterfaceOrientationLandscapeLeft UIInterfaceOrientationLandscapeRight";
				LD_RUNPATH_SEARCH_PATHS = (
					"$(inherited)",
					"@executable_path/Frameworks",
				);
				MARKETING_VERSION = 1.0;
				PRODUCT_BUNDLE_IDENTIFIER = "-.TestProjectWithNews";
				PRODUCT_NAME = "$(TARGET_NAME)";
				SWIFT_EMIT_LOC_STRINGS = YES;
				SWIFT_VERSION = 5.0;
				TARGETED_DEVICE_FAMILY = "1,2";
			};
			name = Release;
		};
/* End XCBuildConfiguration section */

/* Begin XCConfigurationList section */
		ACE7113F2A7303B100D84C5B /* Build configuration list for PBXProject "TestProjectWithNews" */ = {
			isa = XCConfigurationList;
			buildConfigurations = (
				ACE711502A7303B300D84C5B /* Debug */,
				ACE711512A7303B300D84C5B /* Release */,
			);
			defaultConfigurationIsVisible = 0;
			defaultConfigurationName = Release;
		};
		ACE711522A7303B300D84C5B /* Build configuration list for PBXNativeTarget "TestProjectWithNews" */ = {
			isa = XCConfigurationList;
			buildConfigurations = (
				ACE711532A7303B300D84C5B /* Debug */,
				ACE711542A7303B300D84C5B /* Release */,
			);
			defaultConfigurationIsVisible = 0;
			defaultConfigurationName = Release;
		};
/* End XCConfigurationList section */
	};
	rootObject = ACE7113C2A7303B100D84C5B /* Project object */;
}
